// !$*UTF8*$!
{
	archiveVersion = 1;
	classes = {
	};
	objectVersion = 56;
	objects = {

/* Begin PBXBuildFile section */
		5B7BFA60298D5FEC00240FB9 /* AppDelegate.swift in Sources */ = {isa = PBXBuildFile; fileRef = 5B7BFA5F298D5FEC00240FB9 /* AppDelegate.swift */; };
		5B7BFA62298D5FEC00240FB9 /* SceneDelegate.swift in Sources */ = {isa = PBXBuildFile; fileRef = 5B7BFA61298D5FEC00240FB9 /* SceneDelegate.swift */; };
		5B7BFA64298D5FEC00240FB9 /* SplashViewController.swift in Sources */ = {isa = PBXBuildFile; fileRef = 5B7BFA63298D5FEC00240FB9 /* SplashViewController.swift */; };
		5B7BFA67298D5FEC00240FB9 /* Main.storyboard in Resources */ = {isa = PBXBuildFile; fileRef = 5B7BFA65298D5FEC00240FB9 /* Main.storyboard */; };
		5B7BFA69298D5FEE00240FB9 /* Assets.xcassets in Resources */ = {isa = PBXBuildFile; fileRef = 5B7BFA68298D5FEE00240FB9 /* Assets.xcassets */; };
		5B7BFA6C298D5FEE00240FB9 /* LaunchScreen.storyboard in Resources */ = {isa = PBXBuildFile; fileRef = 5B7BFA6A298D5FEE00240FB9 /* LaunchScreen.storyboard */; };
		5B7BFA74298D657000240FB9 /* GoogleService-Info.plist in Resources */ = {isa = PBXBuildFile; fileRef = 5B7BFA73298D656F00240FB9 /* GoogleService-Info.plist */; };
		5BF8485C298E112500D07C73 /* LogInViewController.swift in Sources */ = {isa = PBXBuildFile; fileRef = 5BF8485B298E112500D07C73 /* LogInViewController.swift */; };
		5BF8485E298E162B00D07C73 /* FirebaseAuthenticationManager.swift in Sources */ = {isa = PBXBuildFile; fileRef = 5BF8485D298E162B00D07C73 /* FirebaseAuthenticationManager.swift */; };
		5BF84860298E26F900D07C73 /* RegistrationViewController.swift in Sources */ = {isa = PBXBuildFile; fileRef = 5BF8485F298E26F900D07C73 /* RegistrationViewController.swift */; };
		5BF84862298E311A00D07C73 /* AlertControllerExtension.swift in Sources */ = {isa = PBXBuildFile; fileRef = 5BF84861298E311A00D07C73 /* AlertControllerExtension.swift */; };
		5BF84864298E3B5A00D07C73 /* InventoryViewController.swift in Sources */ = {isa = PBXBuildFile; fileRef = 5BF84863298E3B5A00D07C73 /* InventoryViewController.swift */; };
		5BF84867298E45BB00D07C73 /* InventoryTableViewCell.swift in Sources */ = {isa = PBXBuildFile; fileRef = 5BF84865298E45BB00D07C73 /* InventoryTableViewCell.swift */; };
		5BF84868298E45BB00D07C73 /* InventoryTableViewCell.xib in Resources */ = {isa = PBXBuildFile; fileRef = 5BF84866298E45BB00D07C73 /* InventoryTableViewCell.xib */; };
		5BF8486A298E47FE00D07C73 /* InventoryItem.swift in Sources */ = {isa = PBXBuildFile; fileRef = 5BF84869298E47FE00D07C73 /* InventoryItem.swift */; };
		5BF8486C298E4CAC00D07C73 /* FirestoreManager.swift in Sources */ = {isa = PBXBuildFile; fileRef = 5BF8486B298E4CAC00D07C73 /* FirestoreManager.swift */; };
		5BF8486E298E58A900D07C73 /* ItemDetailsViewController.swift in Sources */ = {isa = PBXBuildFile; fileRef = 5BF8486D298E58A900D07C73 /* ItemDetailsViewController.swift */; };
		5BF84870298E69A800D07C73 /* EncoderDecoderExtension.swift in Sources */ = {isa = PBXBuildFile; fileRef = 5BF8486F298E69A800D07C73 /* EncoderDecoderExtension.swift */; };
		E555C21754E4ADD6D5E687F7 /* Pods_SignInAndInventory.framework in Frameworks */ = {isa = PBXBuildFile; fileRef = 41EA1760D75ADB8B198C4073 /* Pods_SignInAndInventory.framework */; };
/* End PBXBuildFile section */

/* Begin PBXFileReference section */
		41EA1760D75ADB8B198C4073 /* Pods_SignInAndInventory.framework */ = {isa = PBXFileReference; explicitFileType = wrapper.framework; includeInIndex = 0; path = Pods_SignInAndInventory.framework; sourceTree = BUILT_PRODUCTS_DIR; };
		5B7BFA5C298D5FEC00240FB9 /* SignInAndInventory.app */ = {isa = PBXFileReference; explicitFileType = wrapper.application; includeInIndex = 0; path = SignInAndInventory.app; sourceTree = BUILT_PRODUCTS_DIR; };
		5B7BFA5F298D5FEC00240FB9 /* AppDelegate.swift */ = {isa = PBXFileReference; lastKnownFileType = sourcecode.swift; path = AppDelegate.swift; sourceTree = "<group>"; };
		5B7BFA61298D5FEC00240FB9 /* SceneDelegate.swift */ = {isa = PBXFileReference; lastKnownFileType = sourcecode.swift; path = SceneDelegate.swift; sourceTree = "<group>"; };
		5B7BFA63298D5FEC00240FB9 /* SplashViewController.swift */ = {isa = PBXFileReference; lastKnownFileType = sourcecode.swift; path = SplashViewController.swift; sourceTree = "<group>"; };
		5B7BFA66298D5FEC00240FB9 /* Base */ = {isa = PBXFileReference; lastKnownFileType = file.storyboard; name = Base; path = Base.lproj/Main.storyboard; sourceTree = "<group>"; };
		5B7BFA68298D5FEE00240FB9 /* Assets.xcassets */ = {isa = PBXFileReference; lastKnownFileType = folder.assetcatalog; path = Assets.xcassets; sourceTree = "<group>"; };
		5B7BFA6B298D5FEE00240FB9 /* Base */ = {isa = PBXFileReference; lastKnownFileType = file.storyboard; name = Base; path = Base.lproj/LaunchScreen.storyboard; sourceTree = "<group>"; };
		5B7BFA6D298D5FEE00240FB9 /* Info.plist */ = {isa = PBXFileReference; lastKnownFileType = text.plist.xml; path = Info.plist; sourceTree = "<group>"; };
		5B7BFA73298D656F00240FB9 /* GoogleService-Info.plist */ = {isa = PBXFileReference; fileEncoding = 4; lastKnownFileType = text.plist.xml; path = "GoogleService-Info.plist"; sourceTree = "<group>"; };
		5BF8485B298E112500D07C73 /* LogInViewController.swift */ = {isa = PBXFileReference; lastKnownFileType = sourcecode.swift; path = LogInViewController.swift; sourceTree = "<group>"; };
		5BF8485D298E162B00D07C73 /* FirebaseAuthenticationManager.swift */ = {isa = PBXFileReference; lastKnownFileType = sourcecode.swift; path = FirebaseAuthenticationManager.swift; sourceTree = "<group>"; };
		5BF8485F298E26F900D07C73 /* RegistrationViewController.swift */ = {isa = PBXFileReference; lastKnownFileType = sourcecode.swift; path = RegistrationViewController.swift; sourceTree = "<group>"; };
		5BF84861298E311A00D07C73 /* AlertControllerExtension.swift */ = {isa = PBXFileReference; lastKnownFileType = sourcecode.swift; path = AlertControllerExtension.swift; sourceTree = "<group>"; };
		5BF84863298E3B5A00D07C73 /* InventoryViewController.swift */ = {isa = PBXFileReference; lastKnownFileType = sourcecode.swift; path = InventoryViewController.swift; sourceTree = "<group>"; };
		5BF84865298E45BB00D07C73 /* InventoryTableViewCell.swift */ = {isa = PBXFileReference; lastKnownFileType = sourcecode.swift; path = InventoryTableViewCell.swift; sourceTree = "<group>"; };
		5BF84866298E45BB00D07C73 /* InventoryTableViewCell.xib */ = {isa = PBXFileReference; lastKnownFileType = file.xib; path = InventoryTableViewCell.xib; sourceTree = "<group>"; };
		5BF84869298E47FE00D07C73 /* InventoryItem.swift */ = {isa = PBXFileReference; lastKnownFileType = sourcecode.swift; path = InventoryItem.swift; sourceTree = "<group>"; };
		5BF8486B298E4CAC00D07C73 /* FirestoreManager.swift */ = {isa = PBXFileReference; lastKnownFileType = sourcecode.swift; path = FirestoreManager.swift; sourceTree = "<group>"; };
		5BF8486D298E58A900D07C73 /* ItemDetailsViewController.swift */ = {isa = PBXFileReference; lastKnownFileType = sourcecode.swift; path = ItemDetailsViewController.swift; sourceTree = "<group>"; };
		5BF8486F298E69A800D07C73 /* EncoderDecoderExtension.swift */ = {isa = PBXFileReference; lastKnownFileType = sourcecode.swift; path = EncoderDecoderExtension.swift; sourceTree = "<group>"; };
		65D526B118B236E58DCC1C7C /* Pods-SignInAndInventory.debug.xcconfig */ = {isa = PBXFileReference; includeInIndex = 1; lastKnownFileType = text.xcconfig; name = "Pods-SignInAndInventory.debug.xcconfig"; path = "Target Support Files/Pods-SignInAndInventory/Pods-SignInAndInventory.debug.xcconfig"; sourceTree = "<group>"; };
		A5546D03B98806F16328E47A /* Pods-SignInAndInventory.release.xcconfig */ = {isa = PBXFileReference; includeInIndex = 1; lastKnownFileType = text.xcconfig; name = "Pods-SignInAndInventory.release.xcconfig"; path = "Target Support Files/Pods-SignInAndInventory/Pods-SignInAndInventory.release.xcconfig"; sourceTree = "<group>"; };
/* End PBXFileReference section */

/* Begin PBXFrameworksBuildPhase section */
		5B7BFA59298D5FEC00240FB9 /* Frameworks */ = {
			isa = PBXFrameworksBuildPhase;
			buildActionMask = 2147483647;
			files = (
				E555C21754E4ADD6D5E687F7 /* Pods_SignInAndInventory.framework in Frameworks */,
			);
			runOnlyForDeploymentPostprocessing = 0;
		};
/* End PBXFrameworksBuildPhase section */

/* Begin PBXGroup section */
		5B7BFA53298D5FEC00240FB9 = {
			isa = PBXGroup;
			children = (
				5B7BFA5E298D5FEC00240FB9 /* SignInAndInventory */,
				5B7BFA5D298D5FEC00240FB9 /* Products */,
				791E0EE1BFECDF17FA192DCB /* Pods */,
				B4964852BF5AAFC546E3DB08 /* Frameworks */,
			);
			sourceTree = "<group>";
		};
		5B7BFA5D298D5FEC00240FB9 /* Products */ = {
			isa = PBXGroup;
			children = (
				5B7BFA5C298D5FEC00240FB9 /* SignInAndInventory.app */,
			);
			name = Products;
			sourceTree = "<group>";
		};
		5B7BFA5E298D5FEC00240FB9 /* SignInAndInventory */ = {
			isa = PBXGroup;
			children = (
				5BF84858298E10BA00D07C73 /* Models */,
				5BF84859298E10C600D07C73 /* Views */,
				5BF8485A298E10CD00D07C73 /* Controllers */,
				5BF84857298E108700D07C73 /* Resources */,
				5B7BFA73298D656F00240FB9 /* GoogleService-Info.plist */,
				5B7BFA5F298D5FEC00240FB9 /* AppDelegate.swift */,
				5B7BFA61298D5FEC00240FB9 /* SceneDelegate.swift */,
				5B7BFA65298D5FEC00240FB9 /* Main.storyboard */,
				5B7BFA68298D5FEE00240FB9 /* Assets.xcassets */,
				5B7BFA6A298D5FEE00240FB9 /* LaunchScreen.storyboard */,
				5B7BFA6D298D5FEE00240FB9 /* Info.plist */,
			);
			path = SignInAndInventory;
			sourceTree = "<group>";
		};
		5BF84857298E108700D07C73 /* Resources */ = {
			isa = PBXGroup;
			children = (
				5BF8485D298E162B00D07C73 /* FirebaseAuthenticationManager.swift */,
				5BF8486B298E4CAC00D07C73 /* FirestoreManager.swift */,
				5BF84861298E311A00D07C73 /* AlertControllerExtension.swift */,
				5BF8486F298E69A800D07C73 /* EncoderDecoderExtension.swift */,
			);
			path = Resources;
			sourceTree = "<group>";
		};
		5BF84858298E10BA00D07C73 /* Models */ = {
			isa = PBXGroup;
			children = (
				5BF84869298E47FE00D07C73 /* InventoryItem.swift */,
			);
			path = Models;
			sourceTree = "<group>";
		};
		5BF84859298E10C600D07C73 /* Views */ = {
			isa = PBXGroup;
			children = (
				5BF84865298E45BB00D07C73 /* InventoryTableViewCell.swift */,
				5BF84866298E45BB00D07C73 /* InventoryTableViewCell.xib */,
			);
			path = Views;
			sourceTree = "<group>";
		};
		5BF8485A298E10CD00D07C73 /* Controllers */ = {
			isa = PBXGroup;
			children = (
				5B7BFA63298D5FEC00240FB9 /* SplashViewController.swift */,
				5BF8485B298E112500D07C73 /* LogInViewController.swift */,
				5BF8485F298E26F900D07C73 /* RegistrationViewController.swift */,
				5BF84863298E3B5A00D07C73 /* InventoryViewController.swift */,
				5BF8486D298E58A900D07C73 /* ItemDetailsViewController.swift */,
			);
			path = Controllers;
			sourceTree = "<group>";
		};
		791E0EE1BFECDF17FA192DCB /* Pods */ = {
			isa = PBXGroup;
			children = (
				65D526B118B236E58DCC1C7C /* Pods-SignInAndInventory.debug.xcconfig */,
				A5546D03B98806F16328E47A /* Pods-SignInAndInventory.release.xcconfig */,
			);
			path = Pods;
			sourceTree = "<group>";
		};
		B4964852BF5AAFC546E3DB08 /* Frameworks */ = {
			isa = PBXGroup;
			children = (
				41EA1760D75ADB8B198C4073 /* Pods_SignInAndInventory.framework */,
			);
			name = Frameworks;
			sourceTree = "<group>";
		};
/* End PBXGroup section */

/* Begin PBXNativeTarget section */
		5B7BFA5B298D5FEC00240FB9 /* SignInAndInventory */ = {
			isa = PBXNativeTarget;
			buildConfigurationList = 5B7BFA70298D5FEE00240FB9 /* Build configuration list for PBXNativeTarget "SignInAndInventory" */;
			buildPhases = (
				FD0D6775342169FBA749EE73 /* [CP] Check Pods Manifest.lock */,
				5B7BFA58298D5FEC00240FB9 /* Sources */,
				5B7BFA59298D5FEC00240FB9 /* Frameworks */,
				5B7BFA5A298D5FEC00240FB9 /* Resources */,
				7D9F218790023F8470B535CA /* [CP] Embed Pods Frameworks */,
			);
			buildRules = (
			);
			dependencies = (
			);
			name = SignInAndInventory;
			productName = SignInAndInventory;
			productReference = 5B7BFA5C298D5FEC00240FB9 /* SignInAndInventory.app */;
			productType = "com.apple.product-type.application";
		};
/* End PBXNativeTarget section */

/* Begin PBXProject section */
		5B7BFA54298D5FEC00240FB9 /* Project object */ = {
			isa = PBXProject;
			attributes = {
				BuildIndependentTargetsInParallel = 1;
				LastSwiftUpdateCheck = 1420;
				LastUpgradeCheck = 1420;
				TargetAttributes = {
					5B7BFA5B298D5FEC00240FB9 = {
						CreatedOnToolsVersion = 14.2;
					};
				};
			};
			buildConfigurationList = 5B7BFA57298D5FEC00240FB9 /* Build configuration list for PBXProject "SignInAndInventory" */;
			compatibilityVersion = "Xcode 14.0";
			developmentRegion = en;
			hasScannedForEncodings = 0;
			knownRegions = (
				en,
				Base,
			);
			mainGroup = 5B7BFA53298D5FEC00240FB9;
			productRefGroup = 5B7BFA5D298D5FEC00240FB9 /* Products */;
			projectDirPath = "";
			projectRoot = "";
			targets = (
				5B7BFA5B298D5FEC00240FB9 /* SignInAndInventory */,
			);
		};
/* End PBXProject section */

/* Begin PBXResourcesBuildPhase section */
		5B7BFA5A298D5FEC00240FB9 /* Resources */ = {
			isa = PBXResourcesBuildPhase;
			buildActionMask = 2147483647;
			files = (
				5BF84868298E45BB00D07C73 /* InventoryTableViewCell.xib in Resources */,
				5B7BFA6C298D5FEE00240FB9 /* LaunchScreen.storyboard in Resources */,
				5B7BFA74298D657000240FB9 /* GoogleService-Info.plist in Resources */,
				5B7BFA69298D5FEE00240FB9 /* Assets.xcassets in Resources */,
				5B7BFA67298D5FEC00240FB9 /* Main.storyboard in Resources */,
			);
			runOnlyForDeploymentPostprocessing = 0;
		};
/* End PBXResourcesBuildPhase section */

/* Begin PBXShellScriptBuildPhase section */
		7D9F218790023F8470B535CA /* [CP] Embed Pods Frameworks */ = {
			isa = PBXShellScriptBuildPhase;
			buildActionMask = 2147483647;
			files = (
			);
			inputFileListPaths = (
				"${PODS_ROOT}/Target Support Files/Pods-SignInAndInventory/Pods-SignInAndInventory-frameworks-${CONFIGURATION}-input-files.xcfilelist",
			);
			name = "[CP] Embed Pods Frameworks";
			outputFileListPaths = (
				"${PODS_ROOT}/Target Support Files/Pods-SignInAndInventory/Pods-SignInAndInventory-frameworks-${CONFIGURATION}-output-files.xcfilelist",
			);
			runOnlyForDeploymentPostprocessing = 0;
			shellPath = /bin/sh;
			shellScript = "\"${PODS_ROOT}/Target Support Files/Pods-SignInAndInventory/Pods-SignInAndInventory-frameworks.sh\"\n";
			showEnvVarsInLog = 0;
		};
		FD0D6775342169FBA749EE73 /* [CP] Check Pods Manifest.lock */ = {
			isa = PBXShellScriptBuildPhase;
			buildActionMask = 2147483647;
			files = (
			);
			inputFileListPaths = (
			);
			inputPaths = (
				"${PODS_PODFILE_DIR_PATH}/Podfile.lock",
				"${PODS_ROOT}/Manifest.lock",
			);
			name = "[CP] Check Pods Manifest.lock";
			outputFileListPaths = (
			);
			outputPaths = (
				"$(DERIVED_FILE_DIR)/Pods-SignInAndInventory-checkManifestLockResult.txt",
			);
			runOnlyForDeploymentPostprocessing = 0;
			shellPath = /bin/sh;
			shellScript = "diff \"${PODS_PODFILE_DIR_PATH}/Podfile.lock\" \"${PODS_ROOT}/Manifest.lock\" > /dev/null\nif [ $? != 0 ] ; then\n    # print error to STDERR\n    echo \"error: The sandbox is not in sync with the Podfile.lock. Run 'pod install' or update your CocoaPods installation.\" >&2\n    exit 1\nfi\n# This output is used by Xcode 'outputs' to avoid re-running this script phase.\necho \"SUCCESS\" > \"${SCRIPT_OUTPUT_FILE_0}\"\n";
			showEnvVarsInLog = 0;
		};
/* End PBXShellScriptBuildPhase section */

/* Begin PBXSourcesBuildPhase section */
		5B7BFA58298D5FEC00240FB9 /* Sources */ = {
			isa = PBXSourcesBuildPhase;
			buildActionMask = 2147483647;
			files = (
				5BF84870298E69A800D07C73 /* EncoderDecoderExtension.swift in Sources */,
				5BF84860298E26F900D07C73 /* RegistrationViewController.swift in Sources */,
				5BF84867298E45BB00D07C73 /* InventoryTableViewCell.swift in Sources */,
				5BF8485C298E112500D07C73 /* LogInViewController.swift in Sources */,
				5B7BFA64298D5FEC00240FB9 /* SplashViewController.swift in Sources */,
				5BF84862298E311A00D07C73 /* AlertControllerExtension.swift in Sources */,
				5BF8486E298E58A900D07C73 /* ItemDetailsViewController.swift in Sources */,
				5BF8486A298E47FE00D07C73 /* InventoryItem.swift in Sources */,
				5BF8485E298E162B00D07C73 /* FirebaseAuthenticationManager.swift in Sources */,
				5BF84864298E3B5A00D07C73 /* InventoryViewController.swift in Sources */,
				5B7BFA60298D5FEC00240FB9 /* AppDelegate.swift in Sources */,
				5B7BFA62298D5FEC00240FB9 /* SceneDelegate.swift in Sources */,
				5BF8486C298E4CAC00D07C73 /* FirestoreManager.swift in Sources */,
			);
			runOnlyForDeploymentPostprocessing = 0;
		};
/* End PBXSourcesBuildPhase section */

/* Begin PBXVariantGroup section */
		5B7BFA65298D5FEC00240FB9 /* Main.storyboard */ = {
			isa = PBXVariantGroup;
			children = (
				5B7BFA66298D5FEC00240FB9 /* Base */,
			);
			name = Main.storyboard;
			sourceTree = "<group>";
		};
		5B7BFA6A298D5FEE00240FB9 /* LaunchScreen.storyboard */ = {
			isa = PBXVariantGroup;
			children = (
				5B7BFA6B298D5FEE00240FB9 /* Base */,
			);
			name = LaunchScreen.storyboard;
			sourceTree = "<group>";
		};
/* End PBXVariantGroup section */

/* Begin XCBuildConfiguration section */
		5B7BFA6E298D5FEE00240FB9 /* Debug */ = {
			isa = XCBuildConfiguration;
			buildSettings = {
				ALWAYS_SEARCH_USER_PATHS = NO;
				CLANG_ANALYZER_NONNULL = YES;
				CLANG_ANALYZER_NUMBER_OBJECT_CONVERSION = YES_AGGRESSIVE;
				CLANG_CXX_LANGUAGE_STANDARD = "gnu++20";
				CLANG_ENABLE_MODULES = YES;
				CLANG_ENABLE_OBJC_ARC = YES;
				CLANG_ENABLE_OBJC_WEAK = YES;
				CLANG_WARN_BLOCK_CAPTURE_AUTORELEASING = YES;
				CLANG_WARN_BOOL_CONVERSION = YES;
				CLANG_WARN_COMMA = YES;
				CLANG_WARN_CONSTANT_CONVERSION = YES;
				CLANG_WARN_DEPRECATED_OBJC_IMPLEMENTATIONS = YES;
				CLANG_WARN_DIRECT_OBJC_ISA_USAGE = YES_ERROR;
				CLANG_WARN_DOCUMENTATION_COMMENTS = YES;
				CLANG_WARN_EMPTY_BODY = YES;
				CLANG_WARN_ENUM_CONVERSION = YES;
				CLANG_WARN_INFINITE_RECURSION = YES;
				CLANG_WARN_INT_CONVERSION = YES;
				CLANG_WARN_NON_LITERAL_NULL_CONVERSION = YES;
				CLANG_WARN_OBJC_IMPLICIT_RETAIN_SELF = YES;
				CLANG_WARN_OBJC_LITERAL_CONVERSION = YES;
				CLANG_WARN_OBJC_ROOT_CLASS = YES_ERROR;
				CLANG_WARN_QUOTED_INCLUDE_IN_FRAMEWORK_HEADER = YES;
				CLANG_WARN_RANGE_LOOP_ANALYSIS = YES;
				CLANG_WARN_STRICT_PROTOTYPES = YES;
				CLANG_WARN_SUSPICIOUS_MOVE = YES;
				CLANG_WARN_UNGUARDED_AVAILABILITY = YES_AGGRESSIVE;
				CLANG_WARN_UNREACHABLE_CODE = YES;
				CLANG_WARN__DUPLICATE_METHOD_MATCH = YES;
				COPY_PHASE_STRIP = NO;
				DEBUG_INFORMATION_FORMAT = dwarf;
				ENABLE_STRICT_OBJC_MSGSEND = YES;
				ENABLE_TESTABILITY = YES;
				GCC_C_LANGUAGE_STANDARD = gnu11;
				GCC_DYNAMIC_NO_PIC = NO;
				GCC_NO_COMMON_BLOCKS = YES;
				GCC_OPTIMIZATION_LEVEL = 0;
				GCC_PREPROCESSOR_DEFINITIONS = (
					"DEBUG=1",
					"$(inherited)",
				);
				GCC_WARN_64_TO_32_BIT_CONVERSION = YES;
				GCC_WARN_ABOUT_RETURN_TYPE = YES_ERROR;
				GCC_WARN_UNDECLARED_SELECTOR = YES;
				GCC_WARN_UNINITIALIZED_AUTOS = YES_AGGRESSIVE;
				GCC_WARN_UNUSED_FUNCTION = YES;
				GCC_WARN_UNUSED_VARIABLE = YES;
				IPHONEOS_DEPLOYMENT_TARGET = 16.2;
				MTL_ENABLE_DEBUG_INFO = INCLUDE_SOURCE;
				MTL_FAST_MATH = YES;
				ONLY_ACTIVE_ARCH = YES;
				SDKROOT = iphoneos;
				SWIFT_ACTIVE_COMPILATION_CONDITIONS = DEBUG;
				SWIFT_OPTIMIZATION_LEVEL = "-Onone";
			};
			name = Debug;
		};
		5B7BFA6F298D5FEE00240FB9 /* Release */ = {
			isa = XCBuildConfiguration;
			buildSettings = {
				ALWAYS_SEARCH_USER_PATHS = NO;
				CLANG_ANALYZER_NONNULL = YES;
				CLANG_ANALYZER_NUMBER_OBJECT_CONVERSION = YES_AGGRESSIVE;
				CLANG_CXX_LANGUAGE_STANDARD = "gnu++20";
				CLANG_ENABLE_MODULES = YES;
				CLANG_ENABLE_OBJC_ARC = YES;
				CLANG_ENABLE_OBJC_WEAK = YES;
				CLANG_WARN_BLOCK_CAPTURE_AUTORELEASING = YES;
				CLANG_WARN_BOOL_CONVERSION = YES;
				CLANG_WARN_COMMA = YES;
				CLANG_WARN_CONSTANT_CONVERSION = YES;
				CLANG_WARN_DEPRECATED_OBJC_IMPLEMENTATIONS = YES;
				CLANG_WARN_DIRECT_OBJC_ISA_USAGE = YES_ERROR;
				CLANG_WARN_DOCUMENTATION_COMMENTS = YES;
				CLANG_WARN_EMPTY_BODY = YES;
				CLANG_WARN_ENUM_CONVERSION = YES;
				CLANG_WARN_INFINITE_RECURSION = YES;
				CLANG_WARN_INT_CONVERSION = YES;
				CLANG_WARN_NON_LITERAL_NULL_CONVERSION = YES;
				CLANG_WARN_OBJC_IMPLICIT_RETAIN_SELF = YES;
				CLANG_WARN_OBJC_LITERAL_CONVERSION = YES;
				CLANG_WARN_OBJC_ROOT_CLASS = YES_ERROR;
				CLANG_WARN_QUOTED_INCLUDE_IN_FRAMEWORK_HEADER = YES;
				CLANG_WARN_RANGE_LOOP_ANALYSIS = YES;
				CLANG_WARN_STRICT_PROTOTYPES = YES;
				CLANG_WARN_SUSPICIOUS_MOVE = YES;
				CLANG_WARN_UNGUARDED_AVAILABILITY = YES_AGGRESSIVE;
				CLANG_WARN_UNREACHABLE_CODE = YES;
				CLANG_WARN__DUPLICATE_METHOD_MATCH = YES;
				COPY_PHASE_STRIP = NO;
				DEBUG_INFORMATION_FORMAT = "dwarf-with-dsym";
				ENABLE_NS_ASSERTIONS = NO;
				ENABLE_STRICT_OBJC_MSGSEND = YES;
				GCC_C_LANGUAGE_STANDARD = gnu11;
				GCC_NO_COMMON_BLOCKS = YES;
				GCC_WARN_64_TO_32_BIT_CONVERSION = YES;
				GCC_WARN_ABOUT_RETURN_TYPE = YES_ERROR;
				GCC_WARN_UNDECLARED_SELECTOR = YES;
				GCC_WARN_UNINITIALIZED_AUTOS = YES_AGGRESSIVE;
				GCC_WARN_UNUSED_FUNCTION = YES;
				GCC_WARN_UNUSED_VARIABLE = YES;
				IPHONEOS_DEPLOYMENT_TARGET = 16.2;
				MTL_ENABLE_DEBUG_INFO = NO;
				MTL_FAST_MATH = YES;
				SDKROOT = iphoneos;
				SWIFT_COMPILATION_MODE = wholemodule;
				SWIFT_OPTIMIZATION_LEVEL = "-O";
				VALIDATE_PRODUCT = YES;
			};
			name = Release;
		};
		5B7BFA71298D5FEE00240FB9 /* Debug */ = {
			isa = XCBuildConfiguration;
			baseConfigurationReference = 65D526B118B236E58DCC1C7C /* Pods-SignInAndInventory.debug.xcconfig */;
			buildSettings = {
				ASSETCATALOG_COMPILER_APPICON_NAME = AppIcon;
				ASSETCATALOG_COMPILER_GLOBAL_ACCENT_COLOR_NAME = AccentColor;
				CODE_SIGN_STYLE = Automatic;
				CURRENT_PROJECT_VERSION = 1;
				DEVELOPMENT_TEAM = F97DP49JMK;
				GENERATE_INFOPLIST_FILE = YES;
				INFOPLIST_FILE = SignInAndInventory/Info.plist;
				INFOPLIST_KEY_UIApplicationSupportsIndirectInputEvents = YES;
				INFOPLIST_KEY_UILaunchStoryboardName = LaunchScreen;
				INFOPLIST_KEY_UIMainStoryboardFile = Main;
				INFOPLIST_KEY_UISupportedInterfaceOrientations_iPad = "UIInterfaceOrientationPortrait UIInterfaceOrientationPortraitUpsideDown UIInterfaceOrientationLandscapeLeft UIInterfaceOrientationLandscapeRight";
				INFOPLIST_KEY_UISupportedInterfaceOrientations_iPhone = "UIInterfaceOrientationPortrait UIInterfaceOrientationLandscapeLeft UIInterfaceOrientationLandscapeRight";
				LD_RUNPATH_SEARCH_PATHS = (
					"$(inherited)",
					"@executable_path/Frameworks",
				);
				MARKETING_VERSION = 1.0;
				PRODUCT_BUNDLE_IDENTIFIER = com.aguila.miguel.dev.SignInAndInventory;
				PRODUCT_NAME = "$(TARGET_NAME)";
				SWIFT_EMIT_LOC_STRINGS = YES;
				SWIFT_VERSION = 5.0;
				TARGETED_DEVICE_FAMILY = "1,2";
			};
			name = Debug;
		};
		5B7BFA72298D5FEE00240FB9 /* Release */ = {
			isa = XCBuildConfiguration;
			baseConfigurationReference = A5546D03B98806F16328E47A /* Pods-SignInAndInventory.release.xcconfig */;
			buildSettings = {
				ASSETCATALOG_COMPILER_APPICON_NAME = AppIcon;
				ASSETCATALOG_COMPILER_GLOBAL_ACCENT_COLOR_NAME = AccentColor;
				CODE_SIGN_STYLE = Automatic;
				CURRENT_PROJECT_VERSION = 1;
				DEVELOPMENT_TEAM = F97DP49JMK;
				GENERATE_INFOPLIST_FILE = YES;
				INFOPLIST_FILE = SignInAndInventory/Info.plist;
				INFOPLIST_KEY_UIApplicationSupportsIndirectInputEvents = YES;
				INFOPLIST_KEY_UILaunchStoryboardName = LaunchScreen;
				INFOPLIST_KEY_UIMainStoryboardFile = Main;
				INFOPLIST_KEY_UISupportedInterfaceOrientations_iPad = "UIInterfaceOrientationPortrait UIInterfaceOrientationPortraitUpsideDown UIInterfaceOrientationLandscapeLeft UIInterfaceOrientationLandscapeRight";
				INFOPLIST_KEY_UISupportedInterfaceOrientations_iPhone = "UIInterfaceOrientationPortrait UIInterfaceOrientationLandscapeLeft UIInterfaceOrientationLandscapeRight";
				LD_RUNPATH_SEARCH_PATHS = (
					"$(inherited)",
					"@executable_path/Frameworks",
				);
				MARKETING_VERSION = 1.0;
				PRODUCT_BUNDLE_IDENTIFIER = com.aguila.miguel.dev.SignInAndInventory;
				PRODUCT_NAME = "$(TARGET_NAME)";
				SWIFT_EMIT_LOC_STRINGS = YES;
				SWIFT_VERSION = 5.0;
				TARGETED_DEVICE_FAMILY = "1,2";
			};
			name = Release;
		};
/* End XCBuildConfiguration section */

/* Begin XCConfigurationList section */
		5B7BFA57298D5FEC00240FB9 /* Build configuration list for PBXProject "SignInAndInventory" */ = {
			isa = XCConfigurationList;
			buildConfigurations = (
				5B7BFA6E298D5FEE00240FB9 /* Debug */,
				5B7BFA6F298D5FEE00240FB9 /* Release */,
			);
			defaultConfigurationIsVisible = 0;
			defaultConfigurationName = Release;
		};
		5B7BFA70298D5FEE00240FB9 /* Build configuration list for PBXNativeTarget "SignInAndInventory" */ = {
			isa = XCConfigurationList;
			buildConfigurations = (
				5B7BFA71298D5FEE00240FB9 /* Debug */,
				5B7BFA72298D5FEE00240FB9 /* Release */,
			);
			defaultConfigurationIsVisible = 0;
			defaultConfigurationName = Release;
		};
/* End XCConfigurationList section */
	};
	rootObject = 5B7BFA54298D5FEC00240FB9 /* Project object */;
}
